
Microsoft Visual Studio Solution File, Format Version 12.00
# Visual Studio Version 17
VisualStudioVersion = 17.12.35527.113 d17.12
MinimumVisualStudioVersion = 10.0.40219.1
Project("{FAE04EC0-301F-11D3-BF4B-00C04F79EFBC}") = "CrudNet8MVC", "CrudNet8MVC\CrudNet8MVC.csproj", "{45B36AA9-8C89-42DA-BC2A-A5636C3F1AC1}"
EndProject
Global
	GlobalSection(SolutionConfigurationPlatforms) = preSolution
		Debug|Any CPU = Debug|Any CPU
		Release|Any CPU = Release|Any CPU
	EndGlobalSection
	GlobalSection(ProjectConfigurationPlatforms) = postSolution
		{45B36AA9-8C89-42DA-BC2A-A5636C3F1AC1}.Debug|Any CPU.ActiveCfg = Debug|Any CPU
		{45B36AA9-8C89-42DA-BC2A-A5636C3F1AC1}.Debug|Any CPU.Build.0 = Debug|Any CPU
		{45B36AA9-8C89-42DA-BC2A-A5636C3F1AC1}.Release|Any CPU.ActiveCfg = Release|Any CPU
		{45B36AA9-8C89-42DA-BC2A-A5636C3F1AC1}.Release|Any CPU.Build.0 = Release|Any CPU
	EndGlobalSection
	GlobalSection(SolutionProperties) = preSolution
		HideSolutionNode = FALSE
	EndGlobalSection
EndGlobal
